
Microsoft Visual Studio Solution File, Format Version 12.00
# Visual Studio Version 17
VisualStudioVersion = 17.12.35309.182
MinimumVisualStudioVersion = 10.0.40219.1
Project("{2150E333-8FDC-42A3-9474-1A3956D46DE8}") = ".solution", ".solution", "{46ADDB25-FB7B-4499-9EC9-2A56494E8F30}"
	ProjectSection(SolutionItems) = preProject
		.gitignore = .gitignore
		Directory.Build.props = Directory.Build.props
		Directory.Packages.props = Directory.Packages.props
		global.json = global.json
		icon.png = icon.png
		LICENSE = LICENSE
		README.md = README.md
		Sotsera.Blazor.Server.sln.DotSettings = Sotsera.Blazor.Server.sln.DotSettings
	EndProjectSection
EndProject
Project("{2150E333-8FDC-42A3-9474-1A3956D46DE8}") = "samples", "samples", "{5D7CDE0D-985A-4B93-AEF1-E291E89D4B1D}"
EndProject
Project("{2150E333-8FDC-42A3-9474-1A3956D46DE8}") = "src", "src", "{85E01895-4EAC-48D1-97B7-3E123A1E5851}"
EndProject
Project("{2150E333-8FDC-42A3-9474-1A3956D46DE8}") = "test", "test", "{362DF270-913C-479C-AB47-672A011C07D0}"
	ProjectSection(SolutionItems) = preProject
		test\Directory.Build.props = test\Directory.Build.props
	EndProjectSection
EndProject
Project("{FAE04EC0-301F-11D3-BF4B-00C04F79EFBC}") = "Sotsera.Blazor.Server", "src\Sotsera.Blazor.Server\Sotsera.Blazor.Server.csproj", "{1629060A-6ACF-4A6B-9416-BB42EB818A6D}"
EndProject
Project("{FAE04EC0-301F-11D3-BF4B-00C04F79EFBC}") = "Sotsera.Blazor.Server.Tests.Unit", "test\Sotsera.Blazor.Server.Tests.Unit\Sotsera.Blazor.Server.Tests.Unit.csproj", "{4B7D60C4-7015-4269-8405-85DBC0A4EDD0}"
EndProject
Project("{FAE04EC0-301F-11D3-BF4B-00C04F79EFBC}") = "Sotsera.Blazor.Server.Tests.Integration", "test\Sotsera.Blazor.Server.Tests.Integration\Sotsera.Blazor.Server.Tests.Integration.csproj", "{96ED046A-F5FE-4815-B9C1-60E5FD1312A1}"
EndProject
Project("{FAE04EC0-301F-11D3-BF4B-00C04F79EFBC}") = "BlazorWebAppAutoGlobal", "samples\BlazorWebAppAutoGlobal\BlazorWebAppAutoGlobal\BlazorWebAppAutoGlobal.csproj", "{6B786984-71A3-403E-9AD5-B088F95F5B6C}"
EndProject
Project("{FAE04EC0-301F-11D3-BF4B-00C04F79EFBC}") = "BlazorWebAppAutoGlobal.Client", "samples\BlazorWebAppAutoGlobal\BlazorWebAppAutoGlobal.Client\BlazorWebAppAutoGlobal.Client.csproj", "{3782793D-A9F4-4B39-A514-E4475F11D2E0}"
EndProject
Global
	GlobalSection(SolutionConfigurationPlatforms) = preSolution
		Debug|Any CPU = Debug|Any CPU
		Release|Any CPU = Release|Any CPU
	EndGlobalSection
	GlobalSection(ProjectConfigurationPlatforms) = postSolution
		{1629060A-6ACF-4A6B-9416-BB42EB818A6D}.Debug|Any CPU.ActiveCfg = Debug|Any CPU
		{1629060A-6ACF-4A6B-9416-BB42EB818A6D}.Debug|Any CPU.Build.0 = Debug|Any CPU
		{1629060A-6ACF-4A6B-9416-BB42EB818A6D}.Release|Any CPU.ActiveCfg = Release|Any CPU
		{1629060A-6ACF-4A6B-9416-BB42EB818A6D}.Release|Any CPU.Build.0 = Release|Any CPU
		{4B7D60C4-7015-4269-8405-85DBC0A4EDD0}.Debug|Any CPU.ActiveCfg = Debug|Any CPU
		{4B7D60C4-7015-4269-8405-85DBC0A4EDD0}.Debug|Any CPU.Build.0 = Debug|Any CPU
		{4B7D60C4-7015-4269-8405-85DBC0A4EDD0}.Release|Any CPU.ActiveCfg = Release|Any CPU
		{4B7D60C4-7015-4269-8405-85DBC0A4EDD0}.Release|Any CPU.Build.0 = Release|Any CPU
		{96ED046A-F5FE-4815-B9C1-60E5FD1312A1}.Debug|Any CPU.ActiveCfg = Debug|Any CPU
		{96ED046A-F5FE-4815-B9C1-60E5FD1312A1}.Debug|Any CPU.Build.0 = Debug|Any CPU
		{96ED046A-F5FE-4815-B9C1-60E5FD1312A1}.Release|Any CPU.ActiveCfg = Release|Any CPU
		{96ED046A-F5FE-4815-B9C1-60E5FD1312A1}.Release|Any CPU.Build.0 = Release|Any CPU
		{6B786984-71A3-403E-9AD5-B088F95F5B6C}.Debug|Any CPU.ActiveCfg = Debug|Any CPU
		{6B786984-71A3-403E-9AD5-B088F95F5B6C}.Debug|Any CPU.Build.0 = Debug|Any CPU
		{6B786984-71A3-403E-9AD5-B088F95F5B6C}.Release|Any CPU.ActiveCfg = Release|Any CPU
		{6B786984-71A3-403E-9AD5-B088F95F5B6C}.Release|Any CPU.Build.0 = Release|Any CPU
		{3782793D-A9F4-4B39-A514-E4475F11D2E0}.Debug|Any CPU.ActiveCfg = Debug|Any CPU
		{3782793D-A9F4-4B39-A514-E4475F11D2E0}.Debug|Any CPU.Build.0 = Debug|Any CPU
		{3782793D-A9F4-4B39-A514-E4475F11D2E0}.Release|Any CPU.ActiveCfg = Release|Any CPU
		{3782793D-A9F4-4B39-A514-E4475F11D2E0}.Release|Any CPU.Build.0 = Release|Any CPU
	EndGlobalSection
	GlobalSection(SolutionProperties) = preSolution
		HideSolutionNode = FALSE
	EndGlobalSection
	GlobalSection(NestedProjects) = preSolution
		{1629060A-6ACF-4A6B-9416-BB42EB818A6D} = {85E01895-4EAC-48D1-97B7-3E123A1E5851}
		{4B7D60C4-7015-4269-8405-85DBC0A4EDD0} = {362DF270-913C-479C-AB47-672A011C07D0}
		{96ED046A-F5FE-4815-B9C1-60E5FD1312A1} = {362DF270-913C-479C-AB47-672A011C07D0}
		{6B786984-71A3-403E-9AD5-B088F95F5B6C} = {5D7CDE0D-985A-4B93-AEF1-E291E89D4B1D}
		{3782793D-A9F4-4B39-A514-E4475F11D2E0} = {5D7CDE0D-985A-4B93-AEF1-E291E89D4B1D}
	EndGlobalSection
	GlobalSection(ExtensibilityGlobals) = postSolution
		SolutionGuid = {05F6357D-EBA0-477E-85D7-CF035F99EDDF}
	EndGlobalSection
EndGlobal
